
Microsoft Visual Studio Solution File, Format Version 12.00
# Visual Studio Version 17
VisualStudioVersion = 17.7.34024.191
MinimumVisualStudioVersion = 10.0.40219.1
Project("{FAE04EC0-301F-11D3-BF4B-00C04F79EFBC}") = "PIM_IV", "PIM_IV.csproj", "{2E2AF770-7323-44D6-8F47-9FACEB9698CD}"
EndProject
Global
	GlobalSection(SolutionConfigurationPlatforms) = preSolution
		Debug|Any CPU = Debug|Any CPU
		Release|Any CPU = Release|Any CPU
	EndGlobalSection
	GlobalSection(ProjectConfigurationPlatforms) = postSolution
		{2E2AF770-7323-44D6-8F47-9FACEB9698CD}.Debug|Any CPU.ActiveCfg = Debug|Any CPU
		{2E2AF770-7323-44D6-8F47-9FACEB9698CD}.Debug|Any CPU.Build.0 = Debug|Any CPU
		{2E2AF770-7323-44D6-8F47-9FACEB9698CD}.Release|Any CPU.ActiveCfg = Release|Any CPU
		{2E2AF770-7323-44D6-8F47-9FACEB9698CD}.Release|Any CPU.Build.0 = Release|Any CPU
	EndGlobalSection
	GlobalSection(SolutionProperties) = preSolution
		HideSolutionNode = FALSE
	EndGlobalSection
	GlobalSection(ExtensibilityGlobals) = postSolution
		SolutionGuid = {E5FD8A49-E997-4DE9-AB7D-BF3236A32BB4}
	EndGlobalSection
EndGlobal
